# This is a Gradle generated file for dependency locking.
# Manual edits can break the build and are not advised.
# This file is expected to be part of source control.
# To regenerate this file, run: ./gradlew :core:dependencies --write-locks
ca.weblite:java-objc-bridge:1.1=compileClasspath,neoFormRuntimeDependenciesCompileClasspath
com.github.oowekyala.ooxml:nice-xml-messages:3.1=pmd
com.github.oshi:oshi-core:6.4.10=additionalRuntimeClasspath,compileClasspath,neoFormRuntimeDependenciesCompileClasspath,neoFormRuntimeDependenciesRuntimeClasspath,runtimeClasspath
com.github.spotbugs:spotbugs-annotations:4.10.3=spotbugs
com.github.spotbugs:spotbugs-annotations:4.8.6=compileClasspath
com.github.spotbugs:spotbugs:4.10.3=spotbugs
com.github.stephenc.jcip:jcip-annotations:1.0-1=spotbugs
com.google.code.findbugs:jsr305:3.0.2=checkstyle,compileClasspath,neoFormRuntimeDependenciesCompileClasspath,spotbugs
com.google.code.gson:gson:2.10.1=additionalRuntimeClasspath,compileClasspath,neoFormRuntimeDependenciesCompileClasspath,neoFormRuntimeDependenciesRuntimeClasspath,neoFormRuntimeExternalTools,runtimeClasspath
com.google.code.gson:gson:2.11.0=pmd
com.google.code.gson:gson:2.14.0=spotbugs
com.google.errorprone:error_prone_annotations:2.27.0=pmd
com.google.errorprone:error_prone_annotations:2.28.0=checkstyle
com.google.errorprone:error_prone_annotations:2.48.0=spotbugs
com.google.guava:failureaccess:1.0.1=additionalRuntimeClasspath,compileClasspath,neoFormRuntimeDependenciesCompileClasspath,neoFormRuntimeDependenciesRuntimeClasspath,runtimeClasspath
com.google.guava:failureaccess:1.0.2=checkstyle
com.google.guava:guava:32.1.2-jre=additionalRuntimeClasspath,compileClasspath,neoFormRuntimeDependenciesCompileClasspath,neoFormRuntimeDependenciesRuntimeClasspath,runtimeClasspath
com.google.guava:guava:33.3.1-jre=checkstyle
com.google.guava:listenablefuture:9999.0-empty-to-avoid-conflict-with-guava=checkstyle
com.google.j2objc:j2objc-annotations:3.0.0=checkstyle
com.ibm.icu:icu4j:73.2=additionalRuntimeClasspath,compileClasspath,neoFormRuntimeDependenciesCompileClasspath,neoFormRuntimeDependenciesRuntimeClasspath,runtimeClasspath
com.mojang:authlib:6.0.54=additionalRuntimeClasspath,compileClasspath,neoFormRuntimeDependenciesCompileClasspath,neoFormRuntimeDependenciesRuntimeClasspath,runtimeClasspath
com.mojang:blocklist:1.0.10=additionalRuntimeClasspath,compileClasspath,neoFormRuntimeDependenciesCompileClasspath,neoFormRuntimeDependenciesRuntimeClasspath,runtimeClasspath
com.mojang:brigadier:1.3.10=additionalRuntimeClasspath,compileClasspath,neoFormRuntimeDependenciesCompileClasspath,neoFormRuntimeDependenciesRuntimeClasspath,runtimeClasspath
com.mojang:datafixerupper:8.0.16=additionalRuntimeClasspath,compileClasspath,neoFormRuntimeDependenciesCompileClasspath,neoFormRuntimeDependenciesRuntimeClasspath,runtimeClasspath
com.mojang:logging:1.2.7=additionalRuntimeClasspath,compileClasspath,neoFormRuntimeDependenciesCompileClasspath,neoFormRuntimeDependenciesRuntimeClasspath,runtimeClasspath
com.mojang:patchy:2.2.10=additionalRuntimeClasspath,compileClasspath,neoFormRuntimeDependenciesCompileClasspath,neoFormRuntimeDependenciesRuntimeClasspath,runtimeClasspath
com.mojang:text2speech:1.17.9=additionalRuntimeClasspath,compileClasspath,neoFormRuntimeDependenciesCompileClasspath,neoFormRuntimeDependenciesRuntimeClasspath,runtimeClasspath
com.nothome:javaxdelta:2.0.1=neoFormRuntimeExternalTools
com.puppycrawl.tools:checkstyle:10.21.0=checkstyle
commons-beanutils:commons-beanutils:1.9.4=checkstyle
commons-codec:commons-codec:1.15=checkstyle,pmd
commons-codec:commons-codec:1.16.0=additionalRuntimeClasspath,compileClasspath,neoFormRuntimeDependenciesCompileClasspath,neoFormRuntimeDependenciesRuntimeClasspath,runtimeClasspath
commons-collections:commons-collections:3.2.2=checkstyle
commons-io:commons-io:2.15.1=additionalRuntimeClasspath,compileClasspath,neoFormRuntimeDependenciesCompileClasspath,neoFormRuntimeDependenciesRuntimeClasspath,runtimeClasspath
commons-io:commons-io:2.21.0=spotbugs
commons-logging:commons-logging:1.2=additionalRuntimeClasspath,compileClasspath,neoFormRuntimeDependenciesCompileClasspath,neoFormRuntimeDependenciesRuntimeClasspath,runtimeClasspath
de.siegmar:fastcsv:2.0.0=neoFormRuntimeExternalTools
info.picocli:picocli:4.7.6=checkstyle
io.codechicken:DiffPatch:2.0.0.36=neoFormRuntimeExternalTools
io.netty:netty-buffer:4.1.97.Final=additionalRuntimeClasspath,compileClasspath,neoFormRuntimeDependenciesCompileClasspath,neoFormRuntimeDependenciesRuntimeClasspath,runtimeClasspath
io.netty:netty-codec:4.1.97.Final=additionalRuntimeClasspath,compileClasspath,neoFormRuntimeDependenciesCompileClasspath,neoFormRuntimeDependenciesRuntimeClasspath,runtimeClasspath
io.netty:netty-common:4.1.97.Final=additionalRuntimeClasspath,compileClasspath,neoFormRuntimeDependenciesCompileClasspath,neoFormRuntimeDependenciesRuntimeClasspath,runtimeClasspath
io.netty:netty-handler:4.1.97.Final=additionalRuntimeClasspath,compileClasspath,neoFormRuntimeDependenciesCompileClasspath,neoFormRuntimeDependenciesRuntimeClasspath,runtimeClasspath
io.netty:netty-resolver:4.1.97.Final=additionalRuntimeClasspath,compileClasspath,neoFormRuntimeDependenciesCompileClasspath,neoFormRuntimeDependenciesRuntimeClasspath,runtimeClasspath
io.netty:netty-transport-classes-epoll:4.1.97.Final=additionalRuntimeClasspath,compileClasspath,neoFormRuntimeDependenciesCompileClasspath,neoFormRuntimeDependenciesRuntimeClasspath,runtimeClasspath
io.netty:netty-transport-native-epoll:4.1.97.Final=additionalRuntimeClasspath,neoFormRuntimeDependenciesRuntimeClasspath,runtimeClasspath
io.netty:netty-transport-native-unix-common:4.1.97.Final=additionalRuntimeClasspath,compileClasspath,neoFormRuntimeDependenciesCompileClasspath,neoFormRuntimeDependenciesRuntimeClasspath,runtimeClasspath
io.netty:netty-transport:4.1.97.Final=additionalRuntimeClasspath,compileClasspath,neoFormRuntimeDependenciesCompileClasspath,neoFormRuntimeDependenciesRuntimeClasspath,runtimeClasspath
it.unimi.dsi:fastutil:8.3.1=neoFormRuntimeExternalTools
it.unimi.dsi:fastutil:8.5.12=additionalRuntimeClasspath,compileClasspath,neoFormRuntimeDependenciesCompileClasspath,neoFormRuntimeDependenciesRuntimeClasspath,runtimeClasspath
jaxen:jaxen:2.0.6=spotbugs
net.covers1624:Quack:0.4.10.101=neoFormRuntimeExternalTools
net.java.dev.jna:jna-platform:5.14.0=additionalRuntimeClasspath,compileClasspath,neoFormRuntimeDependenciesCompileClasspath,neoFormRuntimeDependenciesRuntimeClasspath,runtimeClasspath
net.java.dev.jna:jna:5.14.0=additionalRuntimeClasspath,compileClasspath,neoFormRuntimeDependenciesCompileClasspath,neoFormRuntimeDependenciesRuntimeClasspath,runtimeClasspath
net.minecraftforge:mergetool:1.1.7=neoFormRuntimeExternalTools
net.minecraftforge:srgutils:0.4.15=neoFormRuntimeExternalTools
net.neoforged.accesstransformers:at-parser:13.0.1=neoFormRuntimeExternalTools
net.neoforged.installertools:binarypatcher:4.0.12=neoFormRuntimeExternalTools
net.neoforged.installertools:cli-utils:4.0.12=neoFormRuntimeExternalTools
net.neoforged.installertools:installertools:2.1.2=neoFormRuntimeDependenciesNeoForgeClasses
net.neoforged.installertools:installertools:4.0.12=neoFormRuntimeExternalTools
net.neoforged.javadoctor:gson-io:2.0.17=neoFormRuntimeExternalTools
net.neoforged.javadoctor:spec:2.0.17=neoFormRuntimeExternalTools
net.neoforged.jst:jst-cli-bundle:2.0.10=neoFormRuntimeExternalTools
net.neoforged:AutoRenamingTool:2.0.17=neoFormRuntimeExternalTools
net.neoforged:AutoRenamingTool:2.0.3=neoFormRuntimeDependenciesNeoForgeClasses
net.neoforged:DevLaunch:1.0.2=devLaunchConfig
net.neoforged:accesstransformers:13.0.1=neoFormRuntimeExternalTools
net.neoforged:mergetool:2.0.3=compileClasspath,neoFormRuntimeDependenciesCompileClasspath,neoFormRuntimeDependenciesNeoForgeClasses
net.neoforged:minecraft-dependencies:1.21.1=additionalRuntimeClasspath,compileClasspath,neoFormRuntimeDependenciesCompileClasspath,neoFormRuntimeDependenciesRuntimeClasspath,runtimeClasspath
net.neoforged:neoform-runtime:2.0.24=neoFormRuntimeExternalTools,neoFormRuntimeTool
net.neoforged:neoform:1.21.1-20240808.144430=additionalRuntimeClasspath,compileClasspath,neoFormRuntimeDependenciesCompileClasspath,neoFormRuntimeDependenciesNeoForgeClasses,neoFormRuntimeDependenciesRuntimeClasspath,runtimeClasspath
net.neoforged:srgutils:1.0.0=neoFormRuntimeExternalTools
net.sf.jopt-simple:jopt-simple:5.0.4=additionalRuntimeClasspath,compileClasspath,neoFormRuntimeDependenciesCompileClasspath,neoFormRuntimeDependenciesRuntimeClasspath,runtimeClasspath
net.sf.jopt-simple:jopt-simple:6.0-alpha-3=neoFormRuntimeExternalTools
net.sf.saxon:Saxon-HE:12.10=spotbugs
net.sf.saxon:Saxon-HE:12.5=checkstyle,pmd
net.sourceforge.pmd:pmd-ant:7.7.0=pmd
net.sourceforge.pmd:pmd-core:7.7.0=pmd
net.sourceforge.pmd:pmd-java:7.7.0=pmd
org.antlr:antlr4-runtime:4.13.2=checkstyle
org.antlr:antlr4-runtime:4.9.3=pmd
org.apache.bcel:bcel:6.12.0=spotbugs
org.apache.commons:commons-compress:1.18=neoFormRuntimeExternalTools
org.apache.commons:commons-compress:1.26.0=additionalRuntimeClasspath,compileClasspath,neoFormRuntimeDependenciesCompileClasspath,neoFormRuntimeDependenciesRuntimeClasspath,runtimeClasspath
org.apache.commons:commons-lang3:3.14.0=additionalRuntimeClasspath,compileClasspath,neoFormRuntimeDependenciesCompileClasspath,neoFormRuntimeDependenciesRuntimeClasspath,pmd,runtimeClasspath
org.apache.commons:commons-lang3:3.20.0=spotbugs
org.apache.commons:commons-lang3:3.8.1=checkstyle
org.apache.commons:commons-lang3:3.9=neoFormRuntimeExternalTools
org.apache.commons:commons-text:1.15.0=spotbugs
org.apache.commons:commons-text:1.3=checkstyle
org.apache.httpcomponents.client5:httpclient5:5.1.3=checkstyle,pmd
org.apache.httpcomponents.core5:httpcore5-h2:5.1.3=checkstyle,pmd
org.apache.httpcomponents.core5:httpcore5:5.1.3=checkstyle,pmd
org.apache.httpcomponents:httpclient:4.5.13=additionalRuntimeClasspath,checkstyle,compileClasspath,neoFormRuntimeDependenciesCompileClasspath,neoFormRuntimeDependenciesRuntimeClasspath,runtimeClasspath
org.apache.httpcomponents:httpcore:4.4.14=checkstyle
org.apache.httpcomponents:httpcore:4.4.16=additionalRuntimeClasspath,compileClasspath,neoFormRuntimeDependenciesCompileClasspath,neoFormRuntimeDependenciesRuntimeClasspath,runtimeClasspath
org.apache.logging.log4j:log4j-api:2.22.1=additionalRuntimeClasspath,compileClasspath,neoFormRuntimeDependenciesCompileClasspath,neoFormRuntimeDependenciesRuntimeClasspath,runtimeClasspath
org.apache.logging.log4j:log4j-api:2.26.1=spotbugs
org.apache.logging.log4j:log4j-core:2.22.1=additionalRuntimeClasspath,compileClasspath,neoFormRuntimeDependenciesCompileClasspath,neoFormRuntimeDependenciesRuntimeClasspath,runtimeClasspath
org.apache.logging.log4j:log4j-core:2.26.1=spotbugs
org.apache.logging.log4j:log4j-slf4j2-impl:2.22.1=additionalRuntimeClasspath,compileClasspath,neoFormRuntimeDependenciesCompileClasspath,neoFormRuntimeDependenciesRuntimeClasspath,runtimeClasspath
org.apache.maven.doxia:doxia-core:1.12.0=checkstyle
org.apache.maven.doxia:doxia-logging-api:1.12.0=checkstyle
org.apache.maven.doxia:doxia-module-xdoc:1.12.0=checkstyle
org.apache.maven.doxia:doxia-sink-api:1.12.0=checkstyle
org.apache.xbean:xbean-reflect:3.7=checkstyle
org.apiguardian:apiguardian-api:1.1.2=testCompileClasspath
org.checkerframework:checker-qual:3.48.1=pmd
org.checkerframework:checker-qual:3.48.3=checkstyle
org.codehaus.plexus:plexus-classworlds:2.6.0=checkstyle
org.codehaus.plexus:plexus-component-annotations:2.1.0=checkstyle
org.codehaus.plexus:plexus-container-default:2.1.0=checkstyle
org.codehaus.plexus:plexus-utils:3.3.0=checkstyle
org.dom4j:dom4j:2.2.0=spotbugs
org.javassist:javassist:3.28.0-GA=checkstyle
org.jcraft:jorbis:0.0.17=additionalRuntimeClasspath,compileClasspath,neoFormRuntimeDependenciesCompileClasspath,neoFormRuntimeDependenciesRuntimeClasspath,runtimeClasspath
org.jetbrains:annotations:24.1.0=compileClasspath,neoFormRuntimeDependenciesCompileClasspath
org.joml:joml:1.10.5=additionalRuntimeClasspath,compileClasspath,neoFormRuntimeDependenciesCompileClasspath,neoFormRuntimeDependenciesRuntimeClasspath,runtimeClasspath
org.junit.jupiter:junit-jupiter-api:5.13.4=testCompileClasspath,testRuntimeClasspath
org.junit.jupiter:junit-jupiter-engine:5.13.4=testRuntimeClasspath
org.junit.platform:junit-platform-commons:1.13.4=testCompileClasspath,testRuntimeClasspath
org.junit.platform:junit-platform-engine:1.13.4=testRuntimeClasspath
org.junit.platform:junit-platform-launcher:1.13.4=testRuntimeClasspath
org.junit:junit-bom:5.13.4=testCompileClasspath,testRuntimeClasspath
org.junit:junit-bom:6.1.2=spotbugs
org.lwjgl:lwjgl-freetype:3.3.3=additionalRuntimeClasspath,compileClasspath,neoFormRuntimeDependenciesCompileClasspath,neoFormRuntimeDependenciesRuntimeClasspath,runtimeClasspath
org.lwjgl:lwjgl-glfw:3.3.3=additionalRuntimeClasspath,compileClasspath,neoFormRuntimeDependenciesCompileClasspath,neoFormRuntimeDependenciesRuntimeClasspath,runtimeClasspath
org.lwjgl:lwjgl-jemalloc:3.3.3=additionalRuntimeClasspath,compileClasspath,neoFormRuntimeDependenciesCompileClasspath,neoFormRuntimeDependenciesRuntimeClasspath,runtimeClasspath
org.lwjgl:lwjgl-openal:3.3.3=additionalRuntimeClasspath,compileClasspath,neoFormRuntimeDependenciesCompileClasspath,neoFormRuntimeDependenciesRuntimeClasspath,runtimeClasspath
org.lwjgl:lwjgl-opengl:3.3.3=additionalRuntimeClasspath,compileClasspath,neoFormRuntimeDependenciesCompileClasspath,neoFormRuntimeDependenciesRuntimeClasspath,runtimeClasspath
org.lwjgl:lwjgl-stb:3.3.3=additionalRuntimeClasspath,compileClasspath,neoFormRuntimeDependenciesCompileClasspath,neoFormRuntimeDependenciesRuntimeClasspath,runtimeClasspath
org.lwjgl:lwjgl-tinyfd:3.3.3=additionalRuntimeClasspath,compileClasspath,neoFormRuntimeDependenciesCompileClasspath,neoFormRuntimeDependenciesRuntimeClasspath,runtimeClasspath
org.lwjgl:lwjgl:3.3.3=additionalRuntimeClasspath,compileClasspath,neoFormRuntimeDependenciesCompileClasspath,neoFormRuntimeDependenciesRuntimeClasspath,runtimeClasspath
org.lz4:lz4-java:1.8.0=additionalRuntimeClasspath,compileClasspath,neoFormRuntimeDependenciesCompileClasspath,neoFormRuntimeDependenciesRuntimeClasspath,runtimeClasspath
org.opentest4j:opentest4j:1.3.0=testCompileClasspath,testRuntimeClasspath
org.ow2.asm:asm-analysis:9.10.1=spotbugs
org.ow2.asm:asm-analysis:9.5=neoFormRuntimeExternalTools
org.ow2.asm:asm-commons:9.10.1=spotbugs
org.ow2.asm:asm-commons:9.9.1=neoFormRuntimeExternalTools
org.ow2.asm:asm-tree:9.10.1=spotbugs
org.ow2.asm:asm-tree:9.9.1=neoFormRuntimeExternalTools
org.ow2.asm:asm-util:9.10.1=spotbugs
org.ow2.asm:asm-util:9.5=neoFormRuntimeExternalTools
org.ow2.asm:asm:9.10.1=spotbugs
org.ow2.asm:asm:9.7=pmd
org.ow2.asm:asm:9.9.1=neoFormRuntimeExternalTools
org.pcollections:pcollections:4.0.2=pmd
org.reflections:reflections:0.10.2=checkstyle
org.slf4j:jul-to-slf4j:1.7.36=pmd
org.slf4j:slf4j-api:2.0.17=spotbugsSlf4j
org.slf4j:slf4j-api:2.0.18=spotbugs
org.slf4j:slf4j-api:2.0.9=additionalRuntimeClasspath,compileClasspath,neoFormRuntimeDependenciesCompileClasspath,neoFormRuntimeDependenciesRuntimeClasspath,runtimeClasspath
org.slf4j:slf4j-simple:2.0.17=spotbugsSlf4j
org.tukaani:xz:1.10=neoFormRuntimeExternalTools
org.vineflower:vineflower:1.10.1=neoFormRuntimeDependenciesNeoForgeClasses
org.xmlresolver:xmlresolver:5.2.2=checkstyle,pmd
org.xmlresolver:xmlresolver:5.3.3=spotbugs
trove:trove:1.0.2=neoFormRuntimeExternalTools
empty=accessTransformers,annotationProcessor,interfaceInjectionData,jarJar,neoForgeConfigOnly,parchmentData,spotbugsPlugins,testAnnotationProcessor,testJarJar
